{
  "name": "@blaze-react/drafteditor",
  "version": "0.3.50",
  "lockfileVersion": 1,
  "requires": true,
  "dependencies": {
    "@blaze-react/button": {
      "version": "0.3.50",
      "requires": {
        "@blaze-react/utils": "^0.3.50"
      },
      "dependencies": {
        "@blaze-react/utils": {
          "version": "0.3.58",
          "bundled": true,
          "requires": {
            "classnames": "^2.2.6",
            "hoist-non-react-statics": "^3.3.0"
          },
          "dependencies": {
            "classnames": {
              "version": "2.2.6",
              "bundled": true
            },
            "hoist-non-react-statics": {
              "version": "3.3.0",
              "bundled": true,
              "requires": {
                "react-is": "^16.7.0"
              }
            },
            "react-is": {
              "version": "16.11.0",
              "bundled": true
            }
          }
        },
        "classnames": {
          "version": "https://registry.npmjs.org/classnames/-/classnames-2.2.6.tgz",
          "bundled": true
        },
        "hoist-non-react-statics": {
          "version": "https://registry.npmjs.org/hoist-non-react-statics/-/hoist-non-react-statics-3.3.0.tgz",
          "bundled": true,
          "requires": {
            "react-is": "^16.7.0"
          }
        },
        "react-is": {
          "version": "16.11.0",
          "bundled": true
        }
      }
    },
    "@blaze-react/file-upload": {
      "version": "0.3.50",
      "requires": {
        "@blaze-react/button": "^0.3.50",
        "@blaze-react/button-select": "^0.3.50",
        "@blaze-react/input": "^0.3.50",
        "@blaze-react/modal": "^0.3.50",
        "uuid": "^3.3.3"
      },
      "dependencies": {
        "@blaze-react/button": {
          "version": "0.3.50",
          "bundled": true,
          "requires": {
            "@blaze-react/utils": "^0.3.50"
          },
          "dependencies": {
            "@blaze-react/utils": {
              "version": "0.3.58",
              "bundled": true,
              "requires": {
                "classnames": "^2.2.6",
                "hoist-non-react-statics": "^3.3.0"
              },
              "dependencies": {}
            },
            "classnames": {
              "version": "https://registry.npmjs.org/classnames/-/classnames-2.2.6.tgz",
              "bundled": true
            },
            "hoist-non-react-statics": {
              "version": "https://registry.npmjs.org/hoist-non-react-statics/-/hoist-non-react-statics-3.3.0.tgz",
              "bundled": true,
              "requires": {
                "react-is": "^16.7.0"
              }
            },
            "react-is": {
              "version": "16.11.0",
              "bundled": true
            }
          }
        },
        "@blaze-react/button-select": {
          "version": "0.3.50",
          "bundled": true,
          "requires": {
            "@blaze-react/button": "^0.3.50",
            "@types/uuid": "^3.4.4"
          },
          "dependencies": {
            "@blaze-react/button": {
              "version": "0.3.50",
              "bundled": true,
              "requires": {
                "@blaze-react/utils": "^0.3.50"
              },
              "dependencies": {
                "@blaze-react/utils": {
                  "version": "0.3.58",
                  "bundled": true,
                  "requires": {
                    "classnames": "^2.2.6",
                    "hoist-non-react-statics": "^3.3.0"
                  },
                  "dependencies": {}
                },
                "classnames": {
                  "version": "https://registry.npmjs.org/classnames/-/classnames-2.2.6.tgz",
                  "bundled": true
                },
                "hoist-non-react-statics": {
                  "version": "https://registry.npmjs.org/hoist-non-react-statics/-/hoist-non-react-statics-3.3.0.tgz",
                  "bundled": true,
                  "requires": {
                    "react-is": "^16.7.0"
                  }
                },
                "react-is": {
                  "version": "16.11.0",
                  "bundled": true
                }
              }
            },
            "@types/node": {
              "version": "12.12.7",
              "bundled": true
            },
            "@types/uuid": {
              "version": "3.4.6",
              "bundled": true,
              "requires": {
                "@types/node": "*"
              }
            }
          }
        },
        "@blaze-react/input": {
          "version": "0.3.50",
          "bundled": true,
          "requires": {
            "@blaze-react/utils": "^0.3.50"
          },
          "dependencies": {
            "@blaze-react/utils": {
              "version": "0.3.50",
              "bundled": true,
              "requires": {
                "classnames": "^2.2.6",
                "hoist-non-react-statics": "^3.3.0"
              },
              "dependencies": {
                "classnames": {
                  "version": "2.2.6",
                  "bundled": true
                },
                "hoist-non-react-statics": {
                  "version": "3.3.0",
                  "bundled": true,
                  "requires": {
                    "react-is": "^16.7.0"
                  }
                },
                "react-is": {
                  "version": "16.11.0",
                  "bundled": true
                }
              }
            }
          }
        },
        "@blaze-react/modal": {
          "version": "0.3.50",
          "bundled": true,
          "requires": {
            "@blaze-react/button": "^0.3.50",
            "@blaze-react/utils": "^0.3.50"
          },
          "dependencies": {
            "@blaze-react/button": {
              "version": "0.3.50",
              "bundled": true,
              "requires": {
                "@blaze-react/utils": "^0.3.50"
              },
              "dependencies": {
                "@blaze-react/utils": {
                  "version": "0.3.58",
                  "bundled": true,
                  "requires": {
                    "classnames": "^2.2.6",
                    "hoist-non-react-statics": "^3.3.0"
                  },
                  "dependencies": {}
                },
                "classnames": {
                  "version": "https://registry.npmjs.org/classnames/-/classnames-2.2.6.tgz",
                  "bundled": true
                },
                "hoist-non-react-statics": {
                  "version": "https://registry.npmjs.org/hoist-non-react-statics/-/hoist-non-react-statics-3.3.0.tgz",
                  "bundled": true,
                  "requires": {
                    "react-is": "^16.7.0"
                  }
                },
                "react-is": {
                  "version": "16.11.0",
                  "bundled": true
                }
              }
            },
            "@blaze-react/utils": {
              "version": "0.3.50",
              "bundled": true,
              "requires": {
                "classnames": "^2.2.6",
                "hoist-non-react-statics": "^3.3.0"
              },
              "dependencies": {
                "classnames": {
                  "version": "2.2.6",
                  "bundled": true
                },
                "hoist-non-react-statics": {
                  "version": "3.3.0",
                  "bundled": true,
                  "requires": {
                    "react-is": "^16.7.0"
                  }
                },
                "react-is": {
                  "version": "16.11.0",
                  "bundled": true
                }
              }
            }
          }
        },
        "uuid": {
          "version": "3.3.3",
          "bundled": true
        }
      }
    },
    "@blaze-react/input": {
      "version": "0.3.50",
      "requires": {
        "@blaze-react/utils": "^0.3.50"
      },
      "dependencies": {
        "@blaze-react/utils": {
          "version": "0.3.50",
          "bundled": true,
          "requires": {
            "classnames": "^2.2.6",
            "hoist-non-react-statics": "^3.3.0"
          },
          "dependencies": {}
        }
      }
    },
    "@blaze-react/modal": {
      "version": "0.3.50",
      "requires": {
        "@blaze-react/button": "^0.3.50",
        "@blaze-react/utils": "^0.3.50"
      },
      "dependencies": {
        "@blaze-react/button": {
          "version": "0.3.50",
          "bundled": true,
          "requires": {
            "@blaze-react/utils": "^0.3.50"
          },
          "dependencies": {}
        },
        "@blaze-react/utils": {
          "version": "0.3.50",
          "bundled": true,
          "requires": {
            "classnames": "^2.2.6",
            "hoist-non-react-statics": "^3.3.0"
          },
          "dependencies": {}
        }
      }
    },
    "@blaze-react/text-area": {
      "version": "0.3.50",
      "requires": {
        "@blaze-react/utils": "^0.3.50"
      },
      "dependencies": {
        "@blaze-react/utils": {
          "version": "0.3.50",
          "bundled": true,
          "requires": {
            "classnames": "^2.2.6",
            "hoist-non-react-statics": "^3.3.0"
          },
          "dependencies": {
            "classnames": {
              "version": "2.2.6",
              "bundled": true
            },
            "hoist-non-react-statics": {
              "version": "3.3.0",
              "bundled": true,
              "requires": {
                "react-is": "^16.7.0"
              }
            },
            "react-is": {
              "version": "16.11.0",
              "bundled": true
            }
          }
        }
      }
    },
    "@blaze-react/utils": {
      "version": "0.3.50",
      "requires": {
        "classnames": "^2.2.6",
        "hoist-non-react-statics": "^3.3.0"
      },
      "dependencies": {
        "classnames": {
          "version": "2.2.6",
          "bundled": true
        },
        "hoist-non-react-statics": {
          "version": "3.3.0",
          "bundled": true,
          "requires": {
            "react-is": "^16.7.0"
          }
        },
        "react-is": {
          "version": "16.11.0",
          "bundled": true
        }
      }
    },
    "draft-js-export-html": {
      "version": "1.4.1",
      "resolved": "https://registry.npmjs.org/draft-js-export-html/-/draft-js-export-html-1.4.1.tgz",
      "integrity": "sha512-G4VGBSalPowktIE4wp3rFbhjs+Ln9IZ2FhXeHjsZDSw0a2+h+BjKu5Enq+mcsyVb51RW740GBK8Xbf7Iic51tw==",
      "requires": {
        "draft-js-utils": "^1.4.0"
      }
    },
    "draft-js-utils": {
      "version": "1.4.0",
      "resolved": "https://registry.npmjs.org/draft-js-utils/-/draft-js-utils-1.4.0.tgz",
      "integrity": "sha512-8s9FFuKC+lOWGwJ0b3om2PF+uXrqQPaEQlPJI7UxdzxTYGMeKouMPA9+YlPn52zcAVElIZtd2tXj6eQmvlKelw=="
    },
    "entities": {
      "version": "2.0.0",
      "resolved": "https://registry.npmjs.org/entities/-/entities-2.0.0.tgz",
      "integrity": "sha512-D9f7V0JSRwIxlRI2mjMqufDrRDnx8p+eEOz7aUM9SuvF8gsBzra0/6tbjl1m8eQHrZlYj6PxqE00hZ1SAIKPLw=="
    }
  }
}
