{
    "name": "@blaze-react/file-upload",
    "version": "0.2.3",
    "lockfileVersion": 1,
    "requires": true,
    "dependencies": {
        "@blaze-react/button": {
            "version": "0.2.3"
        },
        "@blaze-react/modal": {
            "version": "0.2.3",
            "requires": {
                "@blaze-react/button": "^0.2.3"
            },
            "dependencies": {
                "@blaze-react/button": {
                    "version": "0.2.3",
                    "bundled": true
                }
            }
        },
        "@types/node": {
            "version": "12.0.10",
            "resolved": "https://registry.npmjs.org/@types/node/-/node-12.0.10.tgz",
            "integrity": "sha512-LcsGbPomWsad6wmMNv7nBLw7YYYyfdYcz6xryKYQhx89c3XXan+8Q6AJ43G5XDIaklaVkK3mE4fCb0SBvMiPSQ==",
            "dev": true
        },
        "@types/uuid": {
            "version": "3.4.4",
            "resolved": "https://registry.npmjs.org/@types/uuid/-/uuid-3.4.4.tgz",
            "integrity": "sha512-tPIgT0GUmdJQNSHxp0X2jnpQfBSTfGxUMc/2CXBU2mnyTFVYVa2ojpoQ74w0U2yn2vw3jnC640+77lkFFpdVDw==",
            "dev": true,
            "requires": {
                "@types/node": "*"
            }
        }
    }
}
