{
  "name": "@blaze-react/file-upload",
  "version": "0.3.32",
  "lockfileVersion": 1,
  "requires": true,
  "dependencies": {
    "@blaze-react/button": {
      "version": "0.3.31",
      "requires": {
        "@blaze-react/utils": "^0.3.31"
      },
      "dependencies": {
        "@blaze-react/utils": {
          "version": "0.3.31",
          "bundled": true,
          "requires": {
            "classnames": "^2.2.6",
            "hoist-non-react-statics": "^3.3.0"
          },
          "dependencies": {
            "classnames": {
              "version": "2.2.6",
              "bundled": true
            },
            "hoist-non-react-statics": {
              "version": "3.3.0",
              "bundled": true,
              "requires": {
                "react-is": "^16.7.0"
              }
            },
            "react-is": {
              "version": "16.10.2",
              "bundled": true
            }
          }
        }
      }
    },
    "@blaze-react/modal": {
      "version": "0.3.32",
      "requires": {
        "@blaze-react/button": "^0.3.31",
        "@blaze-react/utils": "^0.3.31"
      },
      "dependencies": {
        "@blaze-react/button": {
          "version": "0.3.31",
          "bundled": true,
          "requires": {
            "@blaze-react/utils": "^0.3.31"
          },
          "dependencies": {
            "@blaze-react/utils": {
              "version": "0.3.31",
              "bundled": true,
              "requires": {
                "classnames": "^2.2.6",
                "hoist-non-react-statics": "^3.3.0"
              },
              "dependencies": {}
            }
          }
        },
        "@blaze-react/utils": {
          "version": "0.3.31",
          "bundled": true,
          "requires": {
            "classnames": "^2.2.6",
            "hoist-non-react-statics": "^3.3.0"
          },
          "dependencies": {
            "classnames": {
              "version": "2.2.6",
              "bundled": true
            },
            "hoist-non-react-statics": {
              "version": "3.3.0",
              "bundled": true,
              "requires": {
                "react-is": "^16.7.0"
              }
            },
            "react-is": {
              "version": "16.10.2",
              "bundled": true
            }
          }
        }
      }
    },
    "uuid": {
      "version": "3.3.3",
      "resolved": "https://registry.npmjs.org/uuid/-/uuid-3.3.3.tgz",
      "integrity": "sha512-pW0No1RGHgzlpHJO1nsVrHKpOEIxkGg1xB+v0ZmdNH5OAeAwzAVrCnI2/6Mtx+Uys6iaylxa+D3g4j63IKKjSQ=="
    }
  }
}
