{
  "name": "@blaze-react/input",
  "version": "0.8.0-alpha.60",
  "lockfileVersion": 1,
  "requires": true,
  "dependencies": {
    "react-form-hooks": {
      "version": "1.1.5",
      "resolved": "https://registry.npmjs.org/react-form-hooks/-/react-form-hooks-1.1.5.tgz",
      "integrity": "sha512-gw+1NYHmQmb96BEy2IYfcv7Y2THh6WkafYObQtu/NA/dVkgSVN48wWyHH0klNPP1SaFGyKn8tkyp5n8m/QJaBA=="
    },
    "react-hook-form": {
      "version": "7.66.1",
      "resolved": "https://registry.npmjs.org/react-hook-form/-/react-hook-form-7.66.1.tgz",
      "integrity": "sha512-2KnjpgG2Rhbi+CIiIBQQ9Df6sMGH5ExNyFl4Hw9qO7pIqMBR8Bvu9RQyjl3JM4vehzCh9soiNUM/xYMswb2EiA==",
      "dev": true
    }
  }
}
