{
    "name": "@blaze-react/more",
    "version": "0.2.4",
    "lockfileVersion": 1,
    "requires": true,
    "dependencies": {
        "@blaze-react/button": {
            "version": "0.2.3"
        },
        "@types/classnames": {
            "version": "2.2.8",
            "resolved": "https://registry.npmjs.org/@types/classnames/-/classnames-2.2.8.tgz",
            "integrity": "sha512-3UrLzPnz8u+MMXuJTF++389IfLSQUbl5F3ry9WCxva0BKG5H/oo5NuPRXk+HrpPU1+5pVHSWhnVWRzIaFQ7QuQ==",
            "dev": true
        }
    }
}
