{
    "name": "@blaze-react/multiselect",
    "version": "0.2.3",
    "lockfileVersion": 1,
    "requires": true,
    "dependencies": {
        "@blaze-react/checkboxes": {
            "version": "0.2.3",
            "requires": {
                "@types/uuid": "^3.4.4"
            },
            "dependencies": {
                "@types/node": {
                    "version": "12.0.10",
                    "bundled": true
                },
                "@types/uuid": {
                    "version": "3.4.4",
                    "bundled": true,
                    "requires": {
                        "@types/node": "*"
                    }
                }
            }
        },
        "@blaze-react/input": {
            "version": "0.2.3"
        },
        "@types/node": {
            "version": "12.0.10",
            "resolved": "https://registry.npmjs.org/@types/node/-/node-12.0.10.tgz",
            "integrity": "sha512-LcsGbPomWsad6wmMNv7nBLw7YYYyfdYcz6xryKYQhx89c3XXan+8Q6AJ43G5XDIaklaVkK3mE4fCb0SBvMiPSQ=="
        },
        "@types/uuid": {
            "version": "3.4.4",
            "resolved": "https://registry.npmjs.org/@types/uuid/-/uuid-3.4.4.tgz",
            "integrity": "sha512-tPIgT0GUmdJQNSHxp0X2jnpQfBSTfGxUMc/2CXBU2mnyTFVYVa2ojpoQ74w0U2yn2vw3jnC640+77lkFFpdVDw==",
            "requires": {
                "@types/node": "*"
            }
        }
    }
}
